
Microsoft Visual Studio Solution File, Format Version 12.00
# Visual Studio Version 16
VisualStudioVersion = 16.0.29001.49
MinimumVisualStudioVersion = 10.0.40219.1
Project("{FAE04EC0-301F-11D3-BF4B-00C04F79EFBC}") = "Consultorio1", "Consultorio1\Consultorio1.csproj", "{AE37CA44-6689-449B-A2C2-9359BBF1A8F2}"
EndProject
Global
	GlobalSection(SolutionConfigurationPlatforms) = preSolution
		Debug|Any CPU = Debug|Any CPU
		Release|Any CPU = Release|Any CPU
	EndGlobalSection
	GlobalSection(ProjectConfigurationPlatforms) = postSolution
		{AE37CA44-6689-449B-A2C2-9359BBF1A8F2}.Debug|Any CPU.ActiveCfg = Debug|Any CPU
		{AE37CA44-6689-449B-A2C2-9359BBF1A8F2}.Debug|Any CPU.Build.0 = Debug|Any CPU
		{AE37CA44-6689-449B-A2C2-9359BBF1A8F2}.Release|Any CPU.ActiveCfg = Release|Any CPU
		{AE37CA44-6689-449B-A2C2-9359BBF1A8F2}.Release|Any CPU.Build.0 = Release|Any CPU
	EndGlobalSection
	GlobalSection(SolutionProperties) = preSolution
		HideSolutionNode = FALSE
	EndGlobalSection
	GlobalSection(ExtensibilityGlobals) = postSolution
		SolutionGuid = {EDE99D73-E1E0-4CFD-8562-28A37C141AF0}
	EndGlobalSection
EndGlobal
